
Microsoft Visual Studio Solution File, Format Version 12.00
# Visual Studio Version 16
VisualStudioVersion = 16.0.35026.282
MinimumVisualStudioVersion = 10.0.40219.1
Project("{8BC9CEB8-8B4A-11D0-8D11-00A0C91BC942}") = "GateServer", "GateServer.vcxproj", "{27EBD5C4-0096-4A02-8F05-76EB79DC0869}"
EndProject
Global
	GlobalSection(SolutionConfigurationPlatforms) = preSolution
		Debug|x64 = Debug|x64
		Debug|x86 = Debug|x86
		Release|x64 = Release|x64
		Release|x86 = Release|x86
	EndGlobalSection
	GlobalSection(ProjectConfigurationPlatforms) = postSolution
		{27EBD5C4-0096-4A02-8F05-76EB79DC0869}.Debug|x64.ActiveCfg = Debug|x64
		{27EBD5C4-0096-4A02-8F05-76EB79DC0869}.Debug|x64.Build.0 = Debug|x64
		{27EBD5C4-0096-4A02-8F05-76EB79DC0869}.Debug|x86.ActiveCfg = Debug|Win32
		{27EBD5C4-0096-4A02-8F05-76EB79DC0869}.Debug|x86.Build.0 = Debug|Win32
		{27EBD5C4-0096-4A02-8F05-76EB79DC0869}.Release|x64.ActiveCfg = Release|x64
		{27EBD5C4-0096-4A02-8F05-76EB79DC0869}.Release|x64.Build.0 = Release|x64
		{27EBD5C4-0096-4A02-8F05-76EB79DC0869}.Release|x86.ActiveCfg = Release|Win32
		{27EBD5C4-0096-4A02-8F05-76EB79DC0869}.Release|x86.Build.0 = Release|Win32
	EndGlobalSection
	GlobalSection(SolutionProperties) = preSolution
		HideSolutionNode = FALSE
	EndGlobalSection
	GlobalSection(ExtensibilityGlobals) = postSolution
		SolutionGuid = {FD361CCE-6865-438C-9C03-77009CE714EB}
	EndGlobalSection
EndGlobal
